{
  "version": 4,
  "terraform_version": "1.2.9",
  "serial": 7,
  "lineage": "b3b76e47-f495-8d38-5d9a-af66320b68ff",
  "outputs": {},
  "resources": [
    {
      "mode": "managed",
      "type": "proxmox_virtual_environment_vm",
      "name": "alpine_vm",
      "provider": "provider[\"registry.terraform.io/bpg/proxmox\"]",
      "instances": [
        {
          "index_key": 0,
          "schema_version": 0,
          "attributes": {
            "acpi": true,
            "agent": [
              {
                "enabled": true,
                "timeout": "15m",
                "trim": false,
                "type": "virtio"
              }
            ],
            "audio_device": [],
            "bios": "seabios",
            "boot_order": null,
            "cdrom": [],
            "clone": [
              {
                "datastore_id": "pve-ssd",
                "full": true,
                "node_name": "",
                "retries": 1,
                "vm_id": 9988
              }
            ],
            "cpu": [],
            "description": "Managed by Terraform",
            "disk": [],
            "efi_disk": [],
            "hostpci": [],
            "id": "4322",
            "initialization": [
              {
                "datastore_id": "pve-ssd",
                "dns": [],
                "ip_config": [
                  {
                    "ipv4": [
                      {
                        "address": "192.168.2.214/24",
                        "gateway": "192.168.2.1"
                      }
                    ],
                    "ipv6": []
                  }
                ],
                "meta_data_file_id": "",
                "network_data_file_id": "",
                "type": "",
                "user_account": [
                  {
                    "keys": [
                      "ssh-rsa AAAAB3NzaC1yc2EAAAADAQABAAABgQC6jQt2h2sOr5Q2v+2P4+4Fmf3IeILavNT3ihltZWW+XD+IeIpX6MaUe7EzzqpvAaLhVU+z+rRZO+EteoOGWTrAmcF+RKnkJAWeNnEeDitrshepffkB7Bw20XKiQi7B7UeXJipwhsJnQAZjoITx7VtylS+j/ruYJSRaq7gOxUPMlvJRc1W4kPmQ3D/EyvSrlkglngs2aP0D/Wl+sQW2S9XxucjQPloJugBQkjdQrDW67SukpOjWN+04iXlYsDvN/XFwOabqc7ZeuaD//TUkd/G6l9n/9yjtnLO8Z883BT6NNXc35r4fybzNsT1rQ4q9Xg+wahtHzH3PtZUGBzLEadN/hwNKkblWdaCdhx4fxqD8HAy24xgUuCFpvz2QBkHqFBTB/NU3sEsnrUED2EE3QrVXXxb6MUXzp2/+M6JhgkWfni6Ua+o7L2EMQ4MSGcSWbTnijiEtjRPbQrgRnpjq/rny8rzhEpt9OMLRnI+H9E00S+NO18vcP2fcj7QF+RKYdnE= ap@DESKTOP-NIL7Q34"
                    ],
                    "password": "",
                    "username": ""
                  }
                ],
                "user_data_file_id": "",
                "vendor_data_file_id": ""
              }
            ],
            "ipv4_addresses": [],
            "ipv6_addresses": [],
            "keyboard_layout": "en-us",
            "kvm_arguments": null,
            "mac_addresses": [],
            "machine": null,
            "memory": [],
            "name": "test-alpine-vm",
            "network_device": [
              {
                "bridge": "vmbr0",
                "enabled": true,
                "firewall": false,
                "mac_address": "DE:8A:89:D1:60:55",
                "model": "virtio",
                "mtu": 0,
                "rate_limit": 0,
                "vlan_id": 0
              }
            ],
            "network_interface_names": [],
            "node_name": "homelab",
            "on_boot": true,
            "operating_system": [
              {
                "type": "l26"
              }
            ],
            "pool_id": null,
            "reboot": false,
            "scsi_hardware": "virtio-scsi-pci",
            "serial_device": [
              {
                "device": "socket"
              }
            ],
            "smbios": [],
            "started": true,
            "startup": [
              {
                "down_delay": 20,
                "order": 3,
                "up_delay": 20
              }
            ],
            "tablet_device": true,
            "tags": [
              "terraform",
              "ubuntu"
            ],
            "template": false,
            "timeout_clone": 1800,
            "timeout_move_disk": 1800,
            "timeout_reboot": 1800,
            "timeout_shutdown_vm": 1800,
            "timeout_start_vm": 1800,
            "timeout_stop_vm": 300,
            "vga": [],
            "vm_id": 4322
          },
          "sensitive_attributes": [],
          "private": "bnVsbA=="
        }
      ]
    }
  ]
}
