{
  "version": 4,
  "terraform_version": "1.5.5",
  "serial": 106,
  "lineage": "3a46b6f2-7c02-80a2-e76f-412b7218fe14",
  "outputs": {},
  "resources": [
    {
      "mode": "managed",
      "type": "proxmox_virtual_environment_vm",
      "name": "alpine_vm",
      "provider": "provider[\"registry.terraform.io/bpg/proxmox\"]",
      "instances": [
        {
          "index_key": 0,
          "schema_version": 0,
          "attributes": {
            "acpi": true,
            "agent": [
              {
                "enabled": true,
                "timeout": "3m",
                "trim": false,
                "type": "virtio"
              }
            ],
            "audio_device": [],
            "bios": "seabios",
            "boot_order": null,
            "cdrom": [],
            "clone": [
              {
                "datastore_id": "local-zfs",
                "full": true,
                "node_name": "",
                "retries": 1,
                "vm_id": 8888
              }
            ],
            "cpu": [],
            "description": "Managed by Terraform",
            "disk": [],
            "efi_disk": [],
            "hostpci": [],
            "id": "4321",
            "initialization": [
              {
                "datastore_id": "local-zfs",
                "dns": [],
                "ip_config": [
                  {
                    "ipv4": [
                      {
                        "address": "192.168.2.211/24",
                        "gateway": "192.168.2.1"
                      }
                    ],
                    "ipv6": []
                  }
                ],
                "meta_data_file_id": "",
                "network_data_file_id": "",
                "type": "",
                "user_account": [
                  {
                    "keys": [
                      "ssh-rsa AAAAB3NzaC1yc2EAAAADAQABAAABgQC6jQt2h2sOr5Q2v+2P4+4Fmf3IeILavNT3ihltZWW+XD+IeIpX6MaUe7EzzqpvAaLhVU+z+rRZO+EteoOGWTrAmcF+RKnkJAWeNnEeDitrshepffkB7Bw20XKiQi7B7UeXJipwhsJnQAZjoITx7VtylS+j/ruYJSRaq7gOxUPMlvJRc1W4kPmQ3D/EyvSrlkglngs2aP0D/Wl+sQW2S9XxucjQPloJugBQkjdQrDW67SukpOjWN+04iXlYsDvN/XFwOabqc7ZeuaD//TUkd/G6l9n/9yjtnLO8Z883BT6NNXc35r4fybzNsT1rQ4q9Xg+wahtHzH3PtZUGBzLEadN/hwNKkblWdaCdhx4fxqD8HAy24xgUuCFpvz2QBkHqFBTB/NU3sEsnrUED2EE3QrVXXxb6MUXzp2/+M6JhgkWfni6Ua+o7L2EMQ4MSGcSWbTnijiEtjRPbQrgRnpjq/rny8rzhEpt9OMLRnI+H9E00S+NO18vcP2fcj7QF+RKYdnE= ap@DESKTOP-NIL7Q34",
                      "ssh-rsa AAAAB3NzaC1yc2EAAAADAQABAAABAQDkRIQkJQz86g4y3K8VpvwwJgPoq39SvPraXoVclfWHfw52SeMaSamaryTALzrQ5szLl/Q/jRbVTjj2pGH3zBn2T1KVZyVVl3+hI6DytP6i0fv51/R8IOQ0bl3yvlBkG/FZPPkE0xtAR9ymuzbqzv2yICnl6PVA6JnGV80+Zde+b15nPUh1sGW5Dq/lsjxXBNaheGF40Ba/AF1UGDOAt4i99+riEkNPt/SMCSv9o4MIjpjip2Y2/JMhOw02bSzIg8ddXZZ37VAaE0oWSn/c2jxUW9VZddFlIn8PagKXafmfNCb4adBUeRk2rHI+KcE9Vnmxu9YyB11kShA+ChCzVS99 ap@docker",
                      "ssh-rsa AAAAB3NzaC1yc2EAAAADAQABAAABgQCxlKV0wXixpQOzq+v3nJp4C43gAX26mpWa90MEn6Ez36LUfMaJYQ0V7jst3oUzIWMCbOi7C8x21LD+CZNoVy3/yI4hUYhki53aym6QNizpCgDygZ0z/hXzQX//hUw/Pro1ePUr7dsgyoCcV7ccb0EMi7L/WQqfEBySkQmZncLnw7quNbfLy+xZH6unOiCujQ+KAKmyBpQRVS5xIoUV5mleQsYCmHcvdjohl9mUeVeThKAukAExf0i05Nq9ZhR8U20ItXg2zIo26nlyidqzQghtvbOO5uSwCKKW4RXdao2RyJLyvuU+SIy1dsrmaYvDg0Vk7A6fMrREPxuD6DSbr/mB/OHDncchWcW00nJyZv1xs4SSXtDzv3I7FUhzhrXu8UhEcytyetV8ITml2khNoj3c+jLg/1sjsjdACaM9MiBQ3Jh44f3k/VOCXYIXKhLjn+DrU3CJvE6d6s6BzT/z/ThNt6YUUl/gl5tJq3KGmhVIhtOzCo0vU66s2NDFqAHRJXk= abc@code-server-6944f7b74c-kdzhl"
                    ],
                    "password": "**********",
                    "username": "alpine"
                  }
                ],
                "user_data_file_id": "",
                "vendor_data_file_id": ""
              }
            ],
            "ipv4_addresses": [
              [
                "127.0.0.1"
              ],
              [
                "192.168.2.211"
              ]
            ],
            "ipv6_addresses": [
              [
                "::1"
              ],
              [
                "fe80::1cdc:18ff:fe77:989c"
              ]
            ],
            "keyboard_layout": "en-us",
            "kvm_arguments": null,
            "mac_addresses": [
              "00:00:00:00:00:00",
              "1E:DC:18:77:98:9C"
            ],
            "machine": null,
            "memory": [],
            "name": "k3s-agent-1",
            "network_device": [
              {
                "bridge": "vmbr0",
                "enabled": true,
                "firewall": false,
                "mac_address": "1E:DC:18:77:98:9C",
                "model": "virtio",
                "mtu": 0,
                "rate_limit": 0,
                "vlan_id": 0
              }
            ],
            "network_interface_names": [
              "lo",
              "eth0"
            ],
            "node_name": "tower",
            "on_boot": true,
            "operating_system": [
              {
                "type": "l26"
              }
            ],
            "pool_id": null,
            "reboot": false,
            "scsi_hardware": "virtio-scsi-pci",
            "serial_device": [
              {
                "device": "socket"
              }
            ],
            "smbios": [],
            "started": true,
            "startup": [
              {
                "down_delay": 20,
                "order": 3,
                "up_delay": 20
              }
            ],
            "tablet_device": true,
            "tags": [
              "alpine",
              "terraform"
            ],
            "template": false,
            "timeout_clone": 1800,
            "timeout_move_disk": 1800,
            "timeout_reboot": 1800,
            "timeout_shutdown_vm": 1800,
            "timeout_start_vm": 1800,
            "timeout_stop_vm": 300,
            "vga": [],
            "vm_id": 4321
          },
          "sensitive_attributes": [],
          "private": "bnVsbA=="
        },
        {
          "index_key": 1,
          "schema_version": 0,
          "attributes": {
            "acpi": true,
            "agent": [
              {
                "enabled": true,
                "timeout": "3m",
                "trim": false,
                "type": "virtio"
              }
            ],
            "audio_device": [],
            "bios": "seabios",
            "boot_order": null,
            "cdrom": [],
            "clone": [
              {
                "datastore_id": "local-zfs",
                "full": true,
                "node_name": "",
                "retries": 1,
                "vm_id": 8888
              }
            ],
            "cpu": [],
            "description": "Managed by Terraform",
            "disk": [],
            "efi_disk": [],
            "hostpci": [],
            "id": "4322",
            "initialization": [
              {
                "datastore_id": "local-zfs",
                "dns": [],
                "ip_config": [
                  {
                    "ipv4": [
                      {
                        "address": "192.168.2.212/24",
                        "gateway": "192.168.2.1"
                      }
                    ],
                    "ipv6": []
                  }
                ],
                "meta_data_file_id": "",
                "network_data_file_id": "",
                "type": "",
                "user_account": [
                  {
                    "keys": [
                      "ssh-rsa AAAAB3NzaC1yc2EAAAADAQABAAABgQC6jQt2h2sOr5Q2v+2P4+4Fmf3IeILavNT3ihltZWW+XD+IeIpX6MaUe7EzzqpvAaLhVU+z+rRZO+EteoOGWTrAmcF+RKnkJAWeNnEeDitrshepffkB7Bw20XKiQi7B7UeXJipwhsJnQAZjoITx7VtylS+j/ruYJSRaq7gOxUPMlvJRc1W4kPmQ3D/EyvSrlkglngs2aP0D/Wl+sQW2S9XxucjQPloJugBQkjdQrDW67SukpOjWN+04iXlYsDvN/XFwOabqc7ZeuaD//TUkd/G6l9n/9yjtnLO8Z883BT6NNXc35r4fybzNsT1rQ4q9Xg+wahtHzH3PtZUGBzLEadN/hwNKkblWdaCdhx4fxqD8HAy24xgUuCFpvz2QBkHqFBTB/NU3sEsnrUED2EE3QrVXXxb6MUXzp2/+M6JhgkWfni6Ua+o7L2EMQ4MSGcSWbTnijiEtjRPbQrgRnpjq/rny8rzhEpt9OMLRnI+H9E00S+NO18vcP2fcj7QF+RKYdnE= ap@DESKTOP-NIL7Q34",
                      "ssh-rsa AAAAB3NzaC1yc2EAAAADAQABAAABAQDkRIQkJQz86g4y3K8VpvwwJgPoq39SvPraXoVclfWHfw52SeMaSamaryTALzrQ5szLl/Q/jRbVTjj2pGH3zBn2T1KVZyVVl3+hI6DytP6i0fv51/R8IOQ0bl3yvlBkG/FZPPkE0xtAR9ymuzbqzv2yICnl6PVA6JnGV80+Zde+b15nPUh1sGW5Dq/lsjxXBNaheGF40Ba/AF1UGDOAt4i99+riEkNPt/SMCSv9o4MIjpjip2Y2/JMhOw02bSzIg8ddXZZ37VAaE0oWSn/c2jxUW9VZddFlIn8PagKXafmfNCb4adBUeRk2rHI+KcE9Vnmxu9YyB11kShA+ChCzVS99 ap@docker",
                      "ssh-rsa AAAAB3NzaC1yc2EAAAADAQABAAABgQCxlKV0wXixpQOzq+v3nJp4C43gAX26mpWa90MEn6Ez36LUfMaJYQ0V7jst3oUzIWMCbOi7C8x21LD+CZNoVy3/yI4hUYhki53aym6QNizpCgDygZ0z/hXzQX//hUw/Pro1ePUr7dsgyoCcV7ccb0EMi7L/WQqfEBySkQmZncLnw7quNbfLy+xZH6unOiCujQ+KAKmyBpQRVS5xIoUV5mleQsYCmHcvdjohl9mUeVeThKAukAExf0i05Nq9ZhR8U20ItXg2zIo26nlyidqzQghtvbOO5uSwCKKW4RXdao2RyJLyvuU+SIy1dsrmaYvDg0Vk7A6fMrREPxuD6DSbr/mB/OHDncchWcW00nJyZv1xs4SSXtDzv3I7FUhzhrXu8UhEcytyetV8ITml2khNoj3c+jLg/1sjsjdACaM9MiBQ3Jh44f3k/VOCXYIXKhLjn+DrU3CJvE6d6s6BzT/z/ThNt6YUUl/gl5tJq3KGmhVIhtOzCo0vU66s2NDFqAHRJXk= abc@code-server-6944f7b74c-kdzhl"
                    ],
                    "password": "**********",
                    "username": "alpine"
                  }
                ],
                "user_data_file_id": "",
                "vendor_data_file_id": ""
              }
            ],
            "ipv4_addresses": [
              [
                "127.0.0.1"
              ],
              [
                "192.168.2.212"
              ]
            ],
            "ipv6_addresses": [
              [
                "::1"
              ],
              [
                "fe80::2c6d:f1ff:feca:3914"
              ]
            ],
            "keyboard_layout": "en-us",
            "kvm_arguments": null,
            "mac_addresses": [
              "00:00:00:00:00:00",
              "2E:6D:F1:CA:39:14"
            ],
            "machine": null,
            "memory": [],
            "name": "k3s-agent-2",
            "network_device": [
              {
                "bridge": "vmbr0",
                "enabled": true,
                "firewall": false,
                "mac_address": "2E:6D:F1:CA:39:14",
                "model": "virtio",
                "mtu": 0,
                "rate_limit": 0,
                "vlan_id": 0
              }
            ],
            "network_interface_names": [
              "lo",
              "eth0"
            ],
            "node_name": "tower",
            "on_boot": true,
            "operating_system": [
              {
                "type": "l26"
              }
            ],
            "pool_id": null,
            "reboot": false,
            "scsi_hardware": "virtio-scsi-pci",
            "serial_device": [
              {
                "device": "socket"
              }
            ],
            "smbios": [],
            "started": true,
            "startup": [
              {
                "down_delay": 20,
                "order": 3,
                "up_delay": 20
              }
            ],
            "tablet_device": true,
            "tags": [
              "alpine",
              "terraform"
            ],
            "template": false,
            "timeout_clone": 1800,
            "timeout_move_disk": 1800,
            "timeout_reboot": 1800,
            "timeout_shutdown_vm": 1800,
            "timeout_start_vm": 1800,
            "timeout_stop_vm": 300,
            "vga": [],
            "vm_id": 4322
          },
          "sensitive_attributes": [],
          "private": "bnVsbA=="
        },
        {
          "index_key": 2,
          "schema_version": 0,
          "attributes": {
            "acpi": true,
            "agent": [
              {
                "enabled": true,
                "timeout": "3m",
                "trim": false,
                "type": "virtio"
              }
            ],
            "audio_device": [],
            "bios": "seabios",
            "boot_order": null,
            "cdrom": [],
            "clone": [
              {
                "datastore_id": "local-zfs",
                "full": true,
                "node_name": "",
                "retries": 1,
                "vm_id": 8888
              }
            ],
            "cpu": [],
            "description": "Managed by Terraform",
            "disk": [],
            "efi_disk": [],
            "hostpci": [],
            "id": "4323",
            "initialization": [
              {
                "datastore_id": "local-zfs",
                "dns": [],
                "ip_config": [
                  {
                    "ipv4": [
                      {
                        "address": "192.168.2.213/24",
                        "gateway": "192.168.2.1"
                      }
                    ],
                    "ipv6": []
                  }
                ],
                "meta_data_file_id": "",
                "network_data_file_id": "",
                "type": "",
                "user_account": [
                  {
                    "keys": [
                      "ssh-rsa AAAAB3NzaC1yc2EAAAADAQABAAABgQC6jQt2h2sOr5Q2v+2P4+4Fmf3IeILavNT3ihltZWW+XD+IeIpX6MaUe7EzzqpvAaLhVU+z+rRZO+EteoOGWTrAmcF+RKnkJAWeNnEeDitrshepffkB7Bw20XKiQi7B7UeXJipwhsJnQAZjoITx7VtylS+j/ruYJSRaq7gOxUPMlvJRc1W4kPmQ3D/EyvSrlkglngs2aP0D/Wl+sQW2S9XxucjQPloJugBQkjdQrDW67SukpOjWN+04iXlYsDvN/XFwOabqc7ZeuaD//TUkd/G6l9n/9yjtnLO8Z883BT6NNXc35r4fybzNsT1rQ4q9Xg+wahtHzH3PtZUGBzLEadN/hwNKkblWdaCdhx4fxqD8HAy24xgUuCFpvz2QBkHqFBTB/NU3sEsnrUED2EE3QrVXXxb6MUXzp2/+M6JhgkWfni6Ua+o7L2EMQ4MSGcSWbTnijiEtjRPbQrgRnpjq/rny8rzhEpt9OMLRnI+H9E00S+NO18vcP2fcj7QF+RKYdnE= ap@DESKTOP-NIL7Q34",
                      "ssh-rsa AAAAB3NzaC1yc2EAAAADAQABAAABAQDkRIQkJQz86g4y3K8VpvwwJgPoq39SvPraXoVclfWHfw52SeMaSamaryTALzrQ5szLl/Q/jRbVTjj2pGH3zBn2T1KVZyVVl3+hI6DytP6i0fv51/R8IOQ0bl3yvlBkG/FZPPkE0xtAR9ymuzbqzv2yICnl6PVA6JnGV80+Zde+b15nPUh1sGW5Dq/lsjxXBNaheGF40Ba/AF1UGDOAt4i99+riEkNPt/SMCSv9o4MIjpjip2Y2/JMhOw02bSzIg8ddXZZ37VAaE0oWSn/c2jxUW9VZddFlIn8PagKXafmfNCb4adBUeRk2rHI+KcE9Vnmxu9YyB11kShA+ChCzVS99 ap@docker",
                      "ssh-rsa AAAAB3NzaC1yc2EAAAADAQABAAABgQCxlKV0wXixpQOzq+v3nJp4C43gAX26mpWa90MEn6Ez36LUfMaJYQ0V7jst3oUzIWMCbOi7C8x21LD+CZNoVy3/yI4hUYhki53aym6QNizpCgDygZ0z/hXzQX//hUw/Pro1ePUr7dsgyoCcV7ccb0EMi7L/WQqfEBySkQmZncLnw7quNbfLy+xZH6unOiCujQ+KAKmyBpQRVS5xIoUV5mleQsYCmHcvdjohl9mUeVeThKAukAExf0i05Nq9ZhR8U20ItXg2zIo26nlyidqzQghtvbOO5uSwCKKW4RXdao2RyJLyvuU+SIy1dsrmaYvDg0Vk7A6fMrREPxuD6DSbr/mB/OHDncchWcW00nJyZv1xs4SSXtDzv3I7FUhzhrXu8UhEcytyetV8ITml2khNoj3c+jLg/1sjsjdACaM9MiBQ3Jh44f3k/VOCXYIXKhLjn+DrU3CJvE6d6s6BzT/z/ThNt6YUUl/gl5tJq3KGmhVIhtOzCo0vU66s2NDFqAHRJXk= abc@code-server-6944f7b74c-kdzhl"
                    ],
                    "password": "**********",
                    "username": "alpine"
                  }
                ],
                "user_data_file_id": "",
                "vendor_data_file_id": ""
              }
            ],
            "ipv4_addresses": [
              [
                "127.0.0.1"
              ],
              [
                "192.168.2.213"
              ]
            ],
            "ipv6_addresses": [
              [
                "::1"
              ],
              [
                "fe80::7cab:46ff:fea0:4955"
              ]
            ],
            "keyboard_layout": "en-us",
            "kvm_arguments": null,
            "mac_addresses": [
              "00:00:00:00:00:00",
              "7E:AB:46:A0:49:55"
            ],
            "machine": null,
            "memory": [],
            "name": "k3s-agent-3",
            "network_device": [
              {
                "bridge": "vmbr0",
                "enabled": true,
                "firewall": false,
                "mac_address": "7E:AB:46:A0:49:55",
                "model": "virtio",
                "mtu": 0,
                "rate_limit": 0,
                "vlan_id": 0
              }
            ],
            "network_interface_names": [
              "lo",
              "eth0"
            ],
            "node_name": "tower",
            "on_boot": true,
            "operating_system": [
              {
                "type": "l26"
              }
            ],
            "pool_id": null,
            "reboot": false,
            "scsi_hardware": "virtio-scsi-pci",
            "serial_device": [
              {
                "device": "socket"
              }
            ],
            "smbios": [],
            "started": true,
            "startup": [
              {
                "down_delay": 20,
                "order": 3,
                "up_delay": 20
              }
            ],
            "tablet_device": true,
            "tags": [
              "alpine",
              "terraform"
            ],
            "template": false,
            "timeout_clone": 1800,
            "timeout_move_disk": 1800,
            "timeout_reboot": 1800,
            "timeout_shutdown_vm": 1800,
            "timeout_start_vm": 1800,
            "timeout_stop_vm": 300,
            "vga": [],
            "vm_id": 4323
          },
          "sensitive_attributes": [],
          "private": "bnVsbA=="
        }
      ]
    }
  ],
  "check_results": null
}
